
Microsoft Visual Studio Solution File, Format Version 12.00
# Visual Studio Version 17
VisualStudioVersion = 17.0.31903.59
MinimumVisualStudioVersion = 10.0.40219.1
Project("{2150E333-8FDC-42A3-9474-1A3956D46DE8}") = "src", "src", "{920FDA9E-346D-4C46-AC32-51650B00980B}"
EndProject
Project("{9A19103F-16F7-4668-BE54-9A1E7A4F7556}") = "TCommerce.Core", "src\TCommerce.Core\TCommerce.Core.csproj", "{B6EB179C-3757-4CF8-853A-CD119D9EC644}"
EndProject
Project("{9A19103F-16F7-4668-BE54-9A1E7A4F7556}") = "TCommerce.Data", "src\TCommerce.Data\TCommerce.Data.csproj", "{3EEAFBF7-E483-4F93-9B90-F252A6649840}"
EndProject
Project("{9A19103F-16F7-4668-BE54-9A1E7A4F7556}") = "TCommerce.Services", "src\TCommerce.Services\TCommerce.Services.csproj", "{EB979A4A-D50E-4055-AD87-ED4DFD1F918A}"
EndProject
Project("{9A19103F-16F7-4668-BE54-9A1E7A4F7556}") = "TCommerce.Tests", "src\TCommerce.Tests\TCommerce.Tests.csproj", "{BDDFE7A7-EDE8-4FCF-AC28-D5EE42B85DAE}"
EndProject
Project("{9A19103F-16F7-4668-BE54-9A1E7A4F7556}") = "TCommerce.Web", "src\TCommerce.Web\TCommerce.Web.csproj", "{DEC2C122-8A82-49B5-A10E-20D6F743C588}"
EndProject
Global
	GlobalSection(SolutionConfigurationPlatforms) = preSolution
		Debug|Any CPU = Debug|Any CPU
		Release|Any CPU = Release|Any CPU
	EndGlobalSection
	GlobalSection(ProjectConfigurationPlatforms) = postSolution
		{B6EB179C-3757-4CF8-853A-CD119D9EC644}.Debug|Any CPU.ActiveCfg = Debug|Any CPU
		{B6EB179C-3757-4CF8-853A-CD119D9EC644}.Debug|Any CPU.Build.0 = Debug|Any CPU
		{B6EB179C-3757-4CF8-853A-CD119D9EC644}.Release|Any CPU.ActiveCfg = Release|Any CPU
		{B6EB179C-3757-4CF8-853A-CD119D9EC644}.Release|Any CPU.Build.0 = Release|Any CPU
		{3EEAFBF7-E483-4F93-9B90-F252A6649840}.Debug|Any CPU.ActiveCfg = Debug|Any CPU
		{3EEAFBF7-E483-4F93-9B90-F252A6649840}.Debug|Any CPU.Build.0 = Debug|Any CPU
		{3EEAFBF7-E483-4F93-9B90-F252A6649840}.Release|Any CPU.ActiveCfg = Release|Any CPU
		{3EEAFBF7-E483-4F93-9B90-F252A6649840}.Release|Any CPU.Build.0 = Release|Any CPU
		{EB979A4A-D50E-4055-AD87-ED4DFD1F918A}.Debug|Any CPU.ActiveCfg = Debug|Any CPU
		{EB979A4A-D50E-4055-AD87-ED4DFD1F918A}.Debug|Any CPU.Build.0 = Debug|Any CPU
		{EB979A4A-D50E-4055-AD87-ED4DFD1F918A}.Release|Any CPU.ActiveCfg = Release|Any CPU
		{EB979A4A-D50E-4055-AD87-ED4DFD1F918A}.Release|Any CPU.Build.0 = Release|Any CPU
		{BDDFE7A7-EDE8-4FCF-AC28-D5EE42B85DAE}.Debug|Any CPU.ActiveCfg = Debug|Any CPU
		{BDDFE7A7-EDE8-4FCF-AC28-D5EE42B85DAE}.Debug|Any CPU.Build.0 = Debug|Any CPU
		{BDDFE7A7-EDE8-4FCF-AC28-D5EE42B85DAE}.Release|Any CPU.ActiveCfg = Release|Any CPU
		{BDDFE7A7-EDE8-4FCF-AC28-D5EE42B85DAE}.Release|Any CPU.Build.0 = Release|Any CPU
		{DEC2C122-8A82-49B5-A10E-20D6F743C588}.Debug|Any CPU.ActiveCfg = Debug|Any CPU
		{DEC2C122-8A82-49B5-A10E-20D6F743C588}.Debug|Any CPU.Build.0 = Debug|Any CPU
		{DEC2C122-8A82-49B5-A10E-20D6F743C588}.Release|Any CPU.ActiveCfg = Release|Any CPU
		{DEC2C122-8A82-49B5-A10E-20D6F743C588}.Release|Any CPU.Build.0 = Release|Any CPU
	EndGlobalSection
	GlobalSection(SolutionProperties) = preSolution
		HideSolutionNode = FALSE
	EndGlobalSection
	GlobalSection(NestedProjects) = preSolution
		{B6EB179C-3757-4CF8-853A-CD119D9EC644} = {920FDA9E-346D-4C46-AC32-51650B00980B}
		{3EEAFBF7-E483-4F93-9B90-F252A6649840} = {920FDA9E-346D-4C46-AC32-51650B00980B}
		{EB979A4A-D50E-4055-AD87-ED4DFD1F918A} = {920FDA9E-346D-4C46-AC32-51650B00980B}
		{BDDFE7A7-EDE8-4FCF-AC28-D5EE42B85DAE} = {920FDA9E-346D-4C46-AC32-51650B00980B}
		{DEC2C122-8A82-49B5-A10E-20D6F743C588} = {920FDA9E-346D-4C46-AC32-51650B00980B}
	EndGlobalSection
	GlobalSection(ExtensibilityGlobals) = postSolution
		SolutionGuid = {083EFFFB-9E37-4318-8C46-4BACBB91CD64}
	EndGlobalSection
EndGlobal
